
Microsoft Visual Studio Solution File, Format Version 12.00
# Visual Studio Version 17
VisualStudioVersion = 17.8.34511.84
MinimumVisualStudioVersion = 10.0.40219.1
Project("{9A19103F-16F7-4668-BE54-9A1E7A4F7556}") = "patterns-programe", "patterns-programe\patterns-programe.csproj", "{2F36A5F9-1B2F-45ED-8240-2641E4FC9141}"
EndProject
Project("{9A19103F-16F7-4668-BE54-9A1E7A4F7556}") = "rectangle-pattern", "rectangle-pattern\rectangle-pattern.csproj", "{8C948D81-AC20-4F41-8267-176179CABA30}"
EndProject
Project("{9A19103F-16F7-4668-BE54-9A1E7A4F7556}") = "reverse-right-halfparamid", "halfparamid\reverse-right-halfparamid.csproj", "{36223AA3-02C9-4699-9FA8-FB6B27CD7375}"
EndProject
Project("{FAE04EC0-301F-11D3-BF4B-00C04F79EFBC}") = "right-number-palidrom", "right-number-palidrom\right-number-palidrom.csproj", "{671AA3BB-3833-4498-80C4-7E56259A53F6}"
EndProject
Project("{FAE04EC0-301F-11D3-BF4B-00C04F79EFBC}") = "left-palidrom-pattern-with-space", "left-palidrom-pattern-with-space\left-palidrom-pattern-with-space.csproj", "{D41B12BF-6763-4CE7-82FC-D49B0EF09CA3}"
EndProject
Global
	GlobalSection(SolutionConfigurationPlatforms) = preSolution
		Debug|Any CPU = Debug|Any CPU
		Release|Any CPU = Release|Any CPU
	EndGlobalSection
	GlobalSection(ProjectConfigurationPlatforms) = postSolution
		{2F36A5F9-1B2F-45ED-8240-2641E4FC9141}.Debug|Any CPU.ActiveCfg = Debug|Any CPU
		{2F36A5F9-1B2F-45ED-8240-2641E4FC9141}.Debug|Any CPU.Build.0 = Debug|Any CPU
		{2F36A5F9-1B2F-45ED-8240-2641E4FC9141}.Release|Any CPU.ActiveCfg = Release|Any CPU
		{2F36A5F9-1B2F-45ED-8240-2641E4FC9141}.Release|Any CPU.Build.0 = Release|Any CPU
		{8C948D81-AC20-4F41-8267-176179CABA30}.Debug|Any CPU.ActiveCfg = Debug|Any CPU
		{8C948D81-AC20-4F41-8267-176179CABA30}.Debug|Any CPU.Build.0 = Debug|Any CPU
		{8C948D81-AC20-4F41-8267-176179CABA30}.Release|Any CPU.ActiveCfg = Release|Any CPU
		{8C948D81-AC20-4F41-8267-176179CABA30}.Release|Any CPU.Build.0 = Release|Any CPU
		{36223AA3-02C9-4699-9FA8-FB6B27CD7375}.Debug|Any CPU.ActiveCfg = Debug|Any CPU
		{36223AA3-02C9-4699-9FA8-FB6B27CD7375}.Debug|Any CPU.Build.0 = Debug|Any CPU
		{36223AA3-02C9-4699-9FA8-FB6B27CD7375}.Release|Any CPU.ActiveCfg = Release|Any CPU
		{36223AA3-02C9-4699-9FA8-FB6B27CD7375}.Release|Any CPU.Build.0 = Release|Any CPU
		{671AA3BB-3833-4498-80C4-7E56259A53F6}.Debug|Any CPU.ActiveCfg = Debug|Any CPU
		{671AA3BB-3833-4498-80C4-7E56259A53F6}.Debug|Any CPU.Build.0 = Debug|Any CPU
		{671AA3BB-3833-4498-80C4-7E56259A53F6}.Release|Any CPU.ActiveCfg = Release|Any CPU
		{671AA3BB-3833-4498-80C4-7E56259A53F6}.Release|Any CPU.Build.0 = Release|Any CPU
		{D41B12BF-6763-4CE7-82FC-D49B0EF09CA3}.Debug|Any CPU.ActiveCfg = Debug|Any CPU
		{D41B12BF-6763-4CE7-82FC-D49B0EF09CA3}.Debug|Any CPU.Build.0 = Debug|Any CPU
		{D41B12BF-6763-4CE7-82FC-D49B0EF09CA3}.Release|Any CPU.ActiveCfg = Release|Any CPU
		{D41B12BF-6763-4CE7-82FC-D49B0EF09CA3}.Release|Any CPU.Build.0 = Release|Any CPU
	EndGlobalSection
	GlobalSection(SolutionProperties) = preSolution
		HideSolutionNode = FALSE
	EndGlobalSection
	GlobalSection(ExtensibilityGlobals) = postSolution
		SolutionGuid = {014D17E6-0710-4DAA-8056-2D552E87E304}
	EndGlobalSection
EndGlobal
